Microsoft Visual Studio Solution File, Format Version 12.00
# Visual Studio 15
VisualStudioVersion = 15.0.27428.2011
MinimumVisualStudioVersion = 10.0.40219.1
Project("{FAE04EC0-301F-11D3-BF4B-00C04F79EFBC}") = "AepApp.iOS", "iOS\AepApp.iOS.csproj", "{7F633CD2-4EA6-4EAF-88AF-9B5AECAE000F}"
EndProject
Project("{FAE04EC0-301F-11D3-BF4B-00C04F79EFBC}") = "AepApp.Droid", "Droid\AepApp.Droid.csproj", "{D7C20BF8-55F3-4CF7-B5AF-28728A177708}"
EndProject
Project("{FAE04EC0-301F-11D3-BF4B-00C04F79EFBC}") = "JPush.Binding.Droid", "JPush.Binding.Droid\JPush.Binding.Droid.csproj", "{83390823-B6C8-4089-B357-4B4760C19291}"
EndProject
Project("{9A19103F-16F7-4668-BE54-9A1E7A4F7556}") = "AepLib", "AepLib\AepLib.csproj", "{AB4FED17-66A7-42D7-A7F7-FE7190221D1C}"
EndProject
Global
	GlobalSection(SolutionConfigurationPlatforms) = preSolution
		Debug|Any CPU = Debug|Any CPU
		Debug|iPhone = Debug|iPhone
		Debug|iPhoneSimulator = Debug|iPhoneSimulator
		Release|Any CPU = Release|Any CPU
		Release|iPhone = Release|iPhone
		Release|iPhoneSimulator = Release|iPhoneSimulator
	EndGlobalSection
	GlobalSection(ProjectConfigurationPlatforms) = postSolution
		{7F633CD2-4EA6-4EAF-88AF-9B5AECAE000F}.Debug|Any CPU.ActiveCfg = Debug|iPhoneSimulator
		{7F633CD2-4EA6-4EAF-88AF-9B5AECAE000F}.Debug|Any CPU.Build.0 = Debug|iPhoneSimulator
		{7F633CD2-4EA6-4EAF-88AF-9B5AECAE000F}.Debug|iPhone.ActiveCfg = Debug|iPhone
		{7F633CD2-4EA6-4EAF-88AF-9B5AECAE000F}.Debug|iPhone.Build.0 = Debug|iPhone
		{7F633CD2-4EA6-4EAF-88AF-9B5AECAE000F}.Debug|iPhoneSimulator.ActiveCfg = Debug|iPhoneSimulator
		{7F633CD2-4EA6-4EAF-88AF-9B5AECAE000F}.Debug|iPhoneSimulator.Build.0 = Debug|iPhoneSimulator
		{7F633CD2-4EA6-4EAF-88AF-9B5AECAE000F}.Release|Any CPU.ActiveCfg = Release|iPhone
		{7F633CD2-4EA6-4EAF-88AF-9B5AECAE000F}.Release|Any CPU.Build.0 = Release|iPhone
		{7F633CD2-4EA6-4EAF-88AF-9B5AECAE000F}.Release|iPhone.ActiveCfg = Release|iPhone
		{7F633CD2-4EA6-4EAF-88AF-9B5AECAE000F}.Release|iPhone.Build.0 = Release|iPhone
		{7F633CD2-4EA6-4EAF-88AF-9B5AECAE000F}.Release|iPhoneSimulator.ActiveCfg = Release|iPhoneSimulator
		{7F633CD2-4EA6-4EAF-88AF-9B5AECAE000F}.Release|iPhoneSimulator.Build.0 = Release|iPhoneSimulator
		{D7C20BF8-55F3-4CF7-B5AF-28728A177708}.Debug|Any CPU.ActiveCfg = Debug|Any CPU
		{D7C20BF8-55F3-4CF7-B5AF-28728A177708}.Debug|Any CPU.Build.0 = Debug|Any CPU
		{D7C20BF8-55F3-4CF7-B5AF-28728A177708}.Debug|Any CPU.Deploy.0 = Debug|Any CPU
		{D7C20BF8-55F3-4CF7-B5AF-28728A177708}.Debug|iPhone.ActiveCfg = Debug|Any CPU
		{D7C20BF8-55F3-4CF7-B5AF-28728A177708}.Debug|iPhone.Build.0 = Debug|Any CPU
		{D7C20BF8-55F3-4CF7-B5AF-28728A177708}.Debug|iPhoneSimulator.ActiveCfg = Debug|Any CPU
		{D7C20BF8-55F3-4CF7-B5AF-28728A177708}.Debug|iPhoneSimulator.Build.0 = Debug|Any CPU
		{D7C20BF8-55F3-4CF7-B5AF-28728A177708}.Release|Any CPU.ActiveCfg = Release|Any CPU
		{D7C20BF8-55F3-4CF7-B5AF-28728A177708}.Release|Any CPU.Build.0 = Release|Any CPU
		{D7C20BF8-55F3-4CF7-B5AF-28728A177708}.Release|Any CPU.Deploy.0 = Release|Any CPU
		{D7C20BF8-55F3-4CF7-B5AF-28728A177708}.Release|iPhone.ActiveCfg = Release|Any CPU
		{D7C20BF8-55F3-4CF7-B5AF-28728A177708}.Release|iPhone.Build.0 = Release|Any CPU
		{D7C20BF8-55F3-4CF7-B5AF-28728A177708}.Release|iPhoneSimulator.ActiveCfg = Release|Any CPU
		{D7C20BF8-55F3-4CF7-B5AF-28728A177708}.Release|iPhoneSimulator.Build.0 = Release|Any CPU
		{83390823-B6C8-4089-B357-4B4760C19291}.Debug|Any CPU.ActiveCfg = Debug|Any CPU
		{83390823-B6C8-4089-B357-4B4760C19291}.Debug|Any CPU.Build.0 = Debug|Any CPU
		{83390823-B6C8-4089-B357-4B4760C19291}.Debug|iPhone.ActiveCfg = Debug|Any CPU
		{83390823-B6C8-4089-B357-4B4760C19291}.Debug|iPhone.Build.0 = Debug|Any CPU
		{83390823-B6C8-4089-B357-4B4760C19291}.Debug|iPhoneSimulator.ActiveCfg = Debug|Any CPU
		{83390823-B6C8-4089-B357-4B4760C19291}.Debug|iPhoneSimulator.Build.0 = Debug|Any CPU
		{83390823-B6C8-4089-B357-4B4760C19291}.Release|Any CPU.ActiveCfg = Release|Any CPU
		{83390823-B6C8-4089-B357-4B4760C19291}.Release|Any CPU.Build.0 = Release|Any CPU
		{83390823-B6C8-4089-B357-4B4760C19291}.Release|iPhone.ActiveCfg = Release|Any CPU
		{83390823-B6C8-4089-B357-4B4760C19291}.Release|iPhone.Build.0 = Release|Any CPU
		{83390823-B6C8-4089-B357-4B4760C19291}.Release|iPhoneSimulator.ActiveCfg = Release|Any CPU
		{83390823-B6C8-4089-B357-4B4760C19291}.Release|iPhoneSimulator.Build.0 = Release|Any CPU
		{AB4FED17-66A7-42D7-A7F7-FE7190221D1C}.Debug|Any CPU.ActiveCfg = Debug|Any CPU
		{AB4FED17-66A7-42D7-A7F7-FE7190221D1C}.Debug|Any CPU.Build.0 = Debug|Any CPU
		{AB4FED17-66A7-42D7-A7F7-FE7190221D1C}.Debug|iPhone.ActiveCfg = Debug|Any CPU
		{AB4FED17-66A7-42D7-A7F7-FE7190221D1C}.Debug|iPhone.Build.0 = Debug|Any CPU
		{AB4FED17-66A7-42D7-A7F7-FE7190221D1C}.Debug|iPhoneSimulator.ActiveCfg = Debug|Any CPU
		{AB4FED17-66A7-42D7-A7F7-FE7190221D1C}.Debug|iPhoneSimulator.Build.0 = Debug|Any CPU
		{AB4FED17-66A7-42D7-A7F7-FE7190221D1C}.Release|Any CPU.ActiveCfg = Release|Any CPU
		{AB4FED17-66A7-42D7-A7F7-FE7190221D1C}.Release|Any CPU.Build.0 = Release|Any CPU
		{AB4FED17-66A7-42D7-A7F7-FE7190221D1C}.Release|iPhone.ActiveCfg = Release|Any CPU
		{AB4FED17-66A7-42D7-A7F7-FE7190221D1C}.Release|iPhone.Build.0 = Release|Any CPU
		{AB4FED17-66A7-42D7-A7F7-FE7190221D1C}.Release|iPhoneSimulator.ActiveCfg = Release|Any CPU
		{AB4FED17-66A7-42D7-A7F7-FE7190221D1C}.Release|iPhoneSimulator.Build.0 = Release|Any CPU
	EndGlobalSection
	GlobalSection(SolutionProperties) = preSolution
		HideSolutionNode = FALSE
	EndGlobalSection
	GlobalSection(ExtensibilityGlobals) = postSolution
		SolutionGuid = {93E17A8D-3494-4E04-B769-AE38147405DD}
	EndGlobalSection
EndGlobal
